
Microsoft Visual Studio Solution File, Format Version 12.00
# Visual Studio Version 16
VisualStudioVersion = 16.0.29519.181
MinimumVisualStudioVersion = 10.0.40219.1
Project("{FAE04EC0-301F-11D3-BF4B-00C04F79EFBC}") = "Server", "Server.csproj", "{C8DAA947-3E4E-4217-B1F3-7B0EF566D55F}"
EndProject
Global
	GlobalSection(SolutionConfigurationPlatforms) = preSolution
		Debug|Any CPU = Debug|Any CPU
		Release|Any CPU = Release|Any CPU
	EndGlobalSection
	GlobalSection(ProjectConfigurationPlatforms) = postSolution
		{C8DAA947-3E4E-4217-B1F3-7B0EF566D55F}.Debug|Any CPU.ActiveCfg = Debug|Any CPU
		{C8DAA947-3E4E-4217-B1F3-7B0EF566D55F}.Debug|Any CPU.Build.0 = Debug|Any CPU
		{C8DAA947-3E4E-4217-B1F3-7B0EF566D55F}.Release|Any CPU.ActiveCfg = Release|Any CPU
		{C8DAA947-3E4E-4217-B1F3-7B0EF566D55F}.Release|Any CPU.Build.0 = Release|Any CPU
	EndGlobalSection
	GlobalSection(SolutionProperties) = preSolution
		HideSolutionNode = FALSE
	EndGlobalSection
	GlobalSection(ExtensibilityGlobals) = postSolution
		SolutionGuid = {CD6A786B-1A9D-484F-871F-25E8C717F7B6}
	EndGlobalSection
EndGlobal
